lockfileVersion: '9.0'

settings:
  autoInstallPeers: true
  excludeLinksFromLockfile: false

importers:

  .:
    dependencies:
      '@zeroopensource/zero-cli':
        specifier: latest
        version: 0.0.1
      commander:
        specifier: ^14.0.3
        version: 14.0.3
      date-fns:
        specifier: ^4.1.0
        version: 4.1.0
      nanoid:
        specifier: 5.1.7
        version: 5.1.7

packages:

  '@zeroopensource/zero-cli@0.0.1':
    resolution: {integrity: sha512-OXQ6PyHHzRWgUqAhBlc0KY+lDOhUHbddcfyPJioIYZ83KdPloc0nnYFaIQByVignU4pDfiYh/a+hweOPreeu/A==}
    hasBin: true

  commander@10.0.1:
    resolution: {integrity: sha512-y4Mg2tXshplEbSGzx7amzPwKKOCGuoSRP/CjEdwwk0FOGlUbq6lKuoyDZTNZkmxHdJtp54hdfY/JUrdL7Xfdug==}
    engines: {node: '>=14'}

  commander@14.0.3:
    resolution: {integrity: sha512-H+y0Jo/T1RZ9qPP4Eh1pkcQcLRglraJaSLoyOtHxu6AapkjWVCy2Sit1QQ4x3Dng8qDlSsZEet7g5Pq06MvTgw==}
    engines: {node: '>=20'}

  date-fns@4.1.0:
    resolution: {integrity: sha512-Ukq0owbQXxa/U3EGtsdVBkR1w7KOQ5gIBqdH2hkvknzZPYvBxb/aa6E8L7tmjFtkwZBu3UXBbjIgPo/Ez4xaNg==}

  nanoid@5.1.7:
    resolution: {integrity: sha512-ua3NDgISf6jdwezAheMOk4mbE1LXjm1DfMUDMuJf4AqxLFK3ccGpgWizwa5YV7Yz9EpXwEaWoRXSb/BnV0t5dQ==}
    engines: {node: ^18 || >=20}
    hasBin: true

snapshots:

  '@zeroopensource/zero-cli@0.0.1':
    dependencies:
      commander: 10.0.1

  commander@10.0.1: {}

  commander@14.0.3: {}

  date-fns@4.1.0: {}

  nanoid@5.1.7: {}
